
Microsoft Visual Studio Solution File, Format Version 12.00
# Visual Studio Version 16
VisualStudioVersion = 16.0.30717.126
MinimumVisualStudioVersion = 10.0.40219.1
Project("{FAE04EC0-301F-11D3-BF4B-00C04F79EFBC}") = "AoC2020", "AoC2020.csproj", "{65AFB836-7CC3-4313-BC55-6CF276A9D342}"
EndProject
Global
	GlobalSection(SolutionConfigurationPlatforms) = preSolution
		Debug|Any CPU = Debug|Any CPU
		Release|Any CPU = Release|Any CPU
	EndGlobalSection
	GlobalSection(ProjectConfigurationPlatforms) = postSolution
		{65AFB836-7CC3-4313-BC55-6CF276A9D342}.Debug|Any CPU.ActiveCfg = Debug|Any CPU
		{65AFB836-7CC3-4313-BC55-6CF276A9D342}.Debug|Any CPU.Build.0 = Debug|Any CPU
		{65AFB836-7CC3-4313-BC55-6CF276A9D342}.Release|Any CPU.ActiveCfg = Release|Any CPU
		{65AFB836-7CC3-4313-BC55-6CF276A9D342}.Release|Any CPU.Build.0 = Release|Any CPU
	EndGlobalSection
	GlobalSection(SolutionProperties) = preSolution
		HideSolutionNode = FALSE
	EndGlobalSection
	GlobalSection(ExtensibilityGlobals) = postSolution
		SolutionGuid = {CC182B38-9E30-4263-8D0A-AFEC7E58F858}
	EndGlobalSection
EndGlobal
